
Microsoft Visual Studio Solution File, Format Version 12.00
# Visual Studio Version 16
VisualStudioVersion = 16.0.31424.327
MinimumVisualStudioVersion = 10.0.40219.1
Project("{FAE04EC0-301F-11D3-BF4B-00C04F79EFBC}") = "GenericsToFindMaximum", "GenericsToFindMaximum.csproj", "{E1369AE1-DD17-4DF7-90C2-8C1CC637C154}"
EndProject
Global
	GlobalSection(SolutionConfigurationPlatforms) = preSolution
		Debug|Any CPU = Debug|Any CPU
		Release|Any CPU = Release|Any CPU
	EndGlobalSection
	GlobalSection(ProjectConfigurationPlatforms) = postSolution
		{E1369AE1-DD17-4DF7-90C2-8C1CC637C154}.Debug|Any CPU.ActiveCfg = Debug|Any CPU
		{E1369AE1-DD17-4DF7-90C2-8C1CC637C154}.Debug|Any CPU.Build.0 = Debug|Any CPU
		{E1369AE1-DD17-4DF7-90C2-8C1CC637C154}.Release|Any CPU.ActiveCfg = Release|Any CPU
		{E1369AE1-DD17-4DF7-90C2-8C1CC637C154}.Release|Any CPU.Build.0 = Release|Any CPU
	EndGlobalSection
	GlobalSection(SolutionProperties) = preSolution
		HideSolutionNode = FALSE
	EndGlobalSection
	GlobalSection(ExtensibilityGlobals) = postSolution
		SolutionGuid = {8AFBE4B4-BC8A-4316-B509-6FDC14EA9DE1}
	EndGlobalSection
EndGlobal
